<Solution>
  <Folder Name="/Itens de Solução/">
    <File Path="docker-compose.yml" />
    <File Path="prometheus.yml" />
  </Folder>
  <Project Path="OrderFlow.Api/OrderFlow.Api.csproj" />
  <Project Path="OrderFlow.Application.Tests/OrderFlow.Application.Tests.csproj" />
  <Project Path="OrderFlow.Application/OrderFlow.Application.csproj" />
  <Project Path="OrderFlow.Domain.Tests/OrderFlow.Domain.Tests.csproj" />
  <Project Path="OrderFlow.Domain/OrderFlow.Domain.csproj" />
  <Project Path="OrderFlow.Grpc.Client/OrderFlow.Grpc.Client.csproj" />
  <Project Path="OrderFlow.Grpc/OrderFlow.Grpc.csproj" />
  <Project Path="OrderFlow.Infrastructure/OrderFlow.Infrastructure.csproj" />
  <Project Path="OrderFlow.IntegrationTests/OrderFlow.IntegrationTests.csproj" />
  <Project Path="OrderFlow.Simulator/OrderFlow.Simulator.csproj" Id="2c380641-263d-4f7e-912e-979a8cff6e1e" />
  <Project Path="OrderFlow.Worker/OrderFlow.Worker.csproj" />
</Solution>
