<Solution>
  <Folder Name="/.github/" />
  <Folder Name="/.github/workflows/">
    <File Path="orderflow-ci.yml" />
  </Folder>
  <Project Path="OrderFlow.Api/OrderFlow.Api.csproj" />
  <Project Path="OrderFlow.Application/OrderFlow.Application.csproj" />
  <Project Path="OrderFlow.Domain/OrderFlow.Domain.csproj" />
  <Project Path="OrderFlow.Grpc.Client/OrderFlow.Grpc.Client.csproj" />
  <Project Path="OrderFlow.Grpc/OrderFlow.Grpc.csproj" />
  <Project Path="OrderFlow.Infrastructure/OrderFlow.Infrastructure.csproj" />
  <Project Path="OrderFlow.Worker/OrderFlow.Worker.csproj" />
</Solution>
